// !$*UTF8*$!
{
	archiveVersion = 1;
	classes = {
	};
	objectVersion = 46;
	objects = {

/* Begin PBXBuildFile section */
		2D0E5C371E7D53D000D69F2B /* main.m in Sources */ = {isa = PBXBuildFile; fileRef = 2D0E5C361E7D53D000D69F2B /* main.m */; };
		2D0E5C3A1E7D53D000D69F2B /* AppDelegate.m in Sources */ = {isa = PBXBuildFile; fileRef = 2D0E5C391E7D53D000D69F2B /* AppDelegate.m */; };
		2D0E5C3D1E7D53D000D69F2B /* ViewController.m in Sources */ = {isa = PBXBuildFile; fileRef = 2D0E5C3C1E7D53D000D69F2B /* ViewController.m */; };
		2D0E5C401E7D53D000D69F2B /* Main.storyboard in Resources */ = {isa = PBXBuildFile; fileRef = 2D0E5C3E1E7D53D000D69F2B /* Main.storyboard */; };
		2D0E5C421E7D53D000D69F2B /* Assets.xcassets in Resources */ = {isa = PBXBuildFile; fileRef = 2D0E5C411E7D53D000D69F2B /* Assets.xcassets */; };
		2D0E5C451E7D53D000D69F2B /* LaunchScreen.storyboard in Resources */ = {isa = PBXBuildFile; fileRef = 2D0E5C431E7D53D000D69F2B /* LaunchScreen.storyboard */; };
		2D0E5C501E7D53D100D69F2B /* Young_EaglesTests.m in Sources */ = {isa = PBXBuildFile; fileRef = 2D0E5C4F1E7D53D100D69F2B /* Young_EaglesTests.m */; };
		2D0E5C5B1E7D53D100D69F2B /* Young_EaglesUITests.m in Sources */ = {isa = PBXBuildFile; fileRef = 2D0E5C5A1E7D53D100D69F2B /* Young_EaglesUITests.m */; };
		2D3F0A6C1E7D793E007642DF /* Property List.plist in Resources */ = {isa = PBXBuildFile; fileRef = 2D3F0A6B1E7D793E007642DF /* Property List.plist */; };
		2D43CFA21E8154AE006363BF /* CYTableViewCell.m in Sources */ = {isa = PBXBuildFile; fileRef = 2D43CFA11E8154AE006363BF /* CYTableViewCell.m */; };
		2DD53D651E8F62DF007B43B2 /* CYHomeController.m in Sources */ = {isa = PBXBuildFile; fileRef = 2DD53D641E8F62DF007B43B2 /* CYHomeController.m */; };
		2DF189171E88FECF003D9D77 /* CYDrawerView.m in Sources */ = {isa = PBXBuildFile; fileRef = 2DF189161E88FECF003D9D77 /* CYDrawerView.m */; };
		2DF80B611E8F34E200212E2E /* CYDetailProjectViewController.m in Sources */ = {isa = PBXBuildFile; fileRef = 2DF80B601E8F34E200212E2E /* CYDetailProjectViewController.m */; };
		2DF80B691E8F3C4D00212E2E /* CYHelper.m in Sources */ = {isa = PBXBuildFile; fileRef = 2DF80B681E8F3C4D00212E2E /* CYHelper.m */; };
		2DF80B6E1E8F566F00212E2E /* CYAllPeopleView.m in Sources */ = {isa = PBXBuildFile; fileRef = 2DF80B6D1E8F566F00212E2E /* CYAllPeopleView.m */; };
		2DF80B711E8F567C00212E2E /* CYProjectView.m in Sources */ = {isa = PBXBuildFile; fileRef = 2DF80B701E8F567C00212E2E /* CYProjectView.m */; };
/* End PBXBuildFile section */

/* Begin PBXContainerItemProxy section */
		2D0E5C4C1E7D53D100D69F2B /* PBXContainerItemProxy */ = {
			isa = PBXContainerItemProxy;
			containerPortal = 2D0E5C2A1E7D53D000D69F2B /* Project object */;
			proxyType = 1;
			remoteGlobalIDString = 2D0E5C311E7D53D000D69F2B;
			remoteInfo = "Young Eagles";
		};
		2D0E5C571E7D53D100D69F2B /* PBXContainerItemProxy */ = {
			isa = PBXContainerItemProxy;
			containerPortal = 2D0E5C2A1E7D53D000D69F2B /* Project object */;
			proxyType = 1;
			remoteGlobalIDString = 2D0E5C311E7D53D000D69F2B;
			remoteInfo = "Young Eagles";
		};
/* End PBXContainerItemProxy section */

/* Begin PBXFileReference section */
		2D0E5C321E7D53D000D69F2B /* Young Eagles.app */ = {isa = PBXFileReference; explicitFileType = wrapper.application; includeInIndex = 0; path = "Young Eagles.app"; sourceTree = BUILT_PRODUCTS_DIR; };
		2D0E5C361E7D53D000D69F2B /* main.m */ = {isa = PBXFileReference; lastKnownFileType = sourcecode.c.objc; path = main.m; sourceTree = "<group>"; };
		2D0E5C381E7D53D000D69F2B /* AppDelegate.h */ = {isa = PBXFileReference; lastKnownFileType = sourcecode.c.h; path = AppDelegate.h; sourceTree = "<group>"; };
		2D0E5C391E7D53D000D69F2B /* AppDelegate.m */ = {isa = PBXFileReference; lastKnownFileType = sourcecode.c.objc; path = AppDelegate.m; sourceTree = "<group>"; };
		2D0E5C3B1E7D53D000D69F2B /* ViewController.h */ = {isa = PBXFileReference; lastKnownFileType = sourcecode.c.h; path = ViewController.h; sourceTree = "<group>"; };
		2D0E5C3C1E7D53D000D69F2B /* ViewController.m */ = {isa = PBXFileReference; lastKnownFileType = sourcecode.c.objc; path = ViewController.m; sourceTree = "<group>"; };
		2D0E5C3F1E7D53D000D69F2B /* Base */ = {isa = PBXFileReference; lastKnownFileType = file.storyboard; name = Base; path = Base.lproj/Main.storyboard; sourceTree = "<group>"; };
		2D0E5C411E7D53D000D69F2B /* Assets.xcassets */ = {isa = PBXFileReference; lastKnownFileType = folder.assetcatalog; path = Assets.xcassets; sourceTree = "<group>"; };
		2D0E5C441E7D53D000D69F2B /* Base */ = {isa = PBXFileReference; lastKnownFileType = file.storyboard; name = Base; path = Base.lproj/LaunchScreen.storyboard; sourceTree = "<group>"; };
		2D0E5C461E7D53D000D69F2B /* Info.plist */ = {isa = PBXFileReference; lastKnownFileType = text.plist.xml; path = Info.plist; sourceTree = "<group>"; };
		2D0E5C4B1E7D53D100D69F2B /* Young EaglesTests.xctest */ = {isa = PBXFileReference; explicitFileType = wrapper.cfbundle; includeInIndex = 0; path = "Young EaglesTests.xctest"; sourceTree = BUILT_PRODUCTS_DIR; };
		2D0E5C4F1E7D53D100D69F2B /* Young_EaglesTests.m */ = {isa = PBXFileReference; lastKnownFileType = sourcecode.c.objc; path = Young_EaglesTests.m; sourceTree = "<group>"; };
		2D0E5C511E7D53D100D69F2B /* Info.plist */ = {isa = PBXFileReference; lastKnownFileType = text.plist.xml; path = Info.plist; sourceTree = "<group>"; };
		2D0E5C561E7D53D100D69F2B /* Young EaglesUITests.xctest */ = {isa = PBXFileReference; explicitFileType = wrapper.cfbundle; includeInIndex = 0; path = "Young EaglesUITests.xctest"; sourceTree = BUILT_PRODUCTS_DIR; };
		2D0E5C5A1E7D53D100D69F2B /* Young_EaglesUITests.m */ = {isa = PBXFileReference; lastKnownFileType = sourcecode.c.objc; path = Young_EaglesUITests.m; sourceTree = "<group>"; };
		2D0E5C5C1E7D53D100D69F2B /* Info.plist */ = {isa = PBXFileReference; lastKnownFileType = text.plist.xml; path = Info.plist; sourceTree = "<group>"; };
		2D3F0A6B1E7D793E007642DF /* Property List.plist */ = {isa = PBXFileReference; fileEncoding = 4; lastKnownFileType = text.plist.xml; path = "Property List.plist"; sourceTree = "<group>"; };
		2D43CFA01E8154AE006363BF /* CYTableViewCell.h */ = {isa = PBXFileReference; fileEncoding = 4; lastKnownFileType = sourcecode.c.h; path = CYTableViewCell.h; sourceTree = "<group>"; };
		2D43CFA11E8154AE006363BF /* CYTableViewCell.m */ = {isa = PBXFileReference; fileEncoding = 4; lastKnownFileType = sourcecode.c.objc; path = CYTableViewCell.m; sourceTree = "<group>"; };
		2DD53D631E8F62DF007B43B2 /* CYHomeController.h */ = {isa = PBXFileReference; fileEncoding = 4; lastKnownFileType = sourcecode.c.h; path = CYHomeController.h; sourceTree = "<group>"; };
		2DD53D641E8F62DF007B43B2 /* CYHomeController.m */ = {isa = PBXFileReference; fileEncoding = 4; lastKnownFileType = sourcecode.c.objc; path = CYHomeController.m; sourceTree = "<group>"; };
		2DF189151E88FECF003D9D77 /* CYDrawerView.h */ = {isa = PBXFileReference; fileEncoding = 4; lastKnownFileType = sourcecode.c.h; path = CYDrawerView.h; sourceTree = "<group>"; };
		2DF189161E88FECF003D9D77 /* CYDrawerView.m */ = {isa = PBXFileReference; fileEncoding = 4; lastKnownFileType = sourcecode.c.objc; path = CYDrawerView.m; sourceTree = "<group>"; };
		2DF80B5F1E8F34E200212E2E /* CYDetailProjectViewController.h */ = {isa = PBXFileReference; fileEncoding = 4; lastKnownFileType = sourcecode.c.h; path = CYDetailProjectViewController.h; sourceTree = "<group>"; };
		2DF80B601E8F34E200212E2E /* CYDetailProjectViewController.m */ = {isa = PBXFileReference; fileEncoding = 4; lastKnownFileType = sourcecode.c.objc; path = CYDetailProjectViewController.m; sourceTree = "<group>"; };
		2DF80B671E8F3C4D00212E2E /* CYHelper.h */ = {isa = PBXFileReference; fileEncoding = 4; lastKnownFileType = sourcecode.c.h; path = CYHelper.h; sourceTree = "<group>"; };
		2DF80B681E8F3C4D00212E2E /* CYHelper.m */ = {isa = PBXFileReference; fileEncoding = 4; lastKnownFileType = sourcecode.c.objc; path = CYHelper.m; sourceTree = "<group>"; };
		2DF80B6C1E8F566F00212E2E /* CYAllPeopleView.h */ = {isa = PBXFileReference; fileEncoding = 4; lastKnownFileType = sourcecode.c.h; path = CYAllPeopleView.h; sourceTree = "<group>"; };
		2DF80B6D1E8F566F00212E2E /* CYAllPeopleView.m */ = {isa = PBXFileReference; fileEncoding = 4; lastKnownFileType = sourcecode.c.objc; path = CYAllPeopleView.m; sourceTree = "<group>"; };
		2DF80B6F1E8F567C00212E2E /* CYProjectView.h */ = {isa = PBXFileReference; fileEncoding = 4; lastKnownFileType = sourcecode.c.h; path = CYProjectView.h; sourceTree = "<group>"; };
		2DF80B701E8F567C00212E2E /* CYProjectView.m */ = {isa = PBXFileReference; fileEncoding = 4; lastKnownFileType = sourcecode.c.objc; path = CYProjectView.m; sourceTree = "<group>"; };
/* End PBXFileReference section */

/* Begin PBXFrameworksBuildPhase section */
		2D0E5C2F1E7D53D000D69F2B /* Frameworks */ = {
			isa = PBXFrameworksBuildPhase;
			buildActionMask = 2147483647;
			files = (
			);
			runOnlyForDeploymentPostprocessing = 0;
		};
		2D0E5C481E7D53D100D69F2B /* Frameworks */ = {
			isa = PBXFrameworksBuildPhase;
			buildActionMask = 2147483647;
			files = (
			);
			runOnlyForDeploymentPostprocessing = 0;
		};
		2D0E5C531E7D53D100D69F2B /* Frameworks */ = {
			isa = PBXFrameworksBuildPhase;
			buildActionMask = 2147483647;
			files = (
			);
			runOnlyForDeploymentPostprocessing = 0;
		};
/* End PBXFrameworksBuildPhase section */

/* Begin PBXGroup section */
		2D0E5C291E7D53D000D69F2B = {
			isa = PBXGroup;
			children = (
				2D0E5C761E7D5AE100D69F2B /* Base */,
				2D0E5C711E7D590000D69F2B /* Model */,
				2D0E5C701E7D590000D69F2B /* View */,
				2D0E5C6F1E7D590000D69F2B /* Controller */,
				2D0E5C341E7D53D000D69F2B /* Young Eagles */,
				2D0E5C4E1E7D53D100D69F2B /* Young EaglesTests */,
				2D0E5C591E7D53D100D69F2B /* Young EaglesUITests */,
				2D0E5C331E7D53D000D69F2B /* Products */,
			);
			sourceTree = "<group>";
		};
		2D0E5C331E7D53D000D69F2B /* Products */ = {
			isa = PBXGroup;
			children = (
				2D0E5C321E7D53D000D69F2B /* Young Eagles.app */,
				2D0E5C4B1E7D53D100D69F2B /* Young EaglesTests.xctest */,
				2D0E5C561E7D53D100D69F2B /* Young EaglesUITests.xctest */,
			);
			name = Products;
			sourceTree = "<group>";
		};
		2D0E5C341E7D53D000D69F2B /* Young Eagles */ = {
			isa = PBXGroup;
			children = (
				2D0E5C381E7D53D000D69F2B /* AppDelegate.h */,
				2D0E5C391E7D53D000D69F2B /* AppDelegate.m */,
				2D0E5C3B1E7D53D000D69F2B /* ViewController.h */,
				2D0E5C3C1E7D53D000D69F2B /* ViewController.m */,
				2D0E5C3E1E7D53D000D69F2B /* Main.storyboard */,
				2D0E5C411E7D53D000D69F2B /* Assets.xcassets */,
				2D0E5C431E7D53D000D69F2B /* LaunchScreen.storyboard */,
				2D0E5C461E7D53D000D69F2B /* Info.plist */,
				2D0E5C351E7D53D000D69F2B /* Supporting Files */,
				2D3F0A6B1E7D793E007642DF /* Property List.plist */,
			);
			path = "Young Eagles";
			sourceTree = "<group>";
		};
		2D0E5C351E7D53D000D69F2B /* Supporting Files */ = {
			isa = PBXGroup;
			children = (
				2D0E5C361E7D53D000D69F2B /* main.m */,
			);
			name = "Supporting Files";
			sourceTree = "<group>";
		};
		2D0E5C4E1E7D53D100D69F2B /* Young EaglesTests */ = {
			isa = PBXGroup;
			children = (
				2D0E5C4F1E7D53D100D69F2B /* Young_EaglesTests.m */,
				2D0E5C511E7D53D100D69F2B /* Info.plist */,
			);
			path = "Young EaglesTests";
			sourceTree = "<group>";
		};
		2D0E5C591E7D53D100D69F2B /* Young EaglesUITests */ = {
			isa = PBXGroup;
			children = (
				2D0E5C5A1E7D53D100D69F2B /* Young_EaglesUITests.m */,
				2D0E5C5C1E7D53D100D69F2B /* Info.plist */,
			);
			path = "Young EaglesUITests";
			sourceTree = "<group>";
		};
		2D0E5C6F1E7D590000D69F2B /* Controller */ = {
			isa = PBXGroup;
			children = (
				2DD53D621E8F62DF007B43B2 /* CYHomeController */,
				2DF80B5E1E8F34C400212E2E /* CYDetailProjectViewController */,
			);
			path = Controller;
			sourceTree = "<group>";
		};
		2D0E5C701E7D590000D69F2B /* View */ = {
			isa = PBXGroup;
			children = (
				2DF80B6A1E8F565A00212E2E /* CYAllPeopleView */,
				2DF80B6B1E8F565A00212E2E /* CYProjectView */,
				2DF189141E88FEBC003D9D77 /* CYDrawerView */,
				2D43CF9F1E815491006363BF /* CYTableViewCell */,
			);
			path = View;
			sourceTree = "<group>";
		};
		2D0E5C711E7D590000D69F2B /* Model */ = {
			isa = PBXGroup;
			children = (
			);
			path = Model;
			sourceTree = "<group>";
		};
		2D0E5C761E7D5AE100D69F2B /* Base */ = {
			isa = PBXGroup;
			children = (
				2DF80B661E8F3C3900212E2E /* CYHelper */,
			);
			path = Base;
			sourceTree = "<group>";
		};
		2D43CF9F1E815491006363BF /* CYTableViewCell */ = {
			isa = PBXGroup;
			children = (
				2D43CFA01E8154AE006363BF /* CYTableViewCell.h */,
				2D43CFA11E8154AE006363BF /* CYTableViewCell.m */,
			);
			path = CYTableViewCell;
			sourceTree = "<group>";
		};
		2DD53D621E8F62DF007B43B2 /* CYHomeController */ = {
			isa = PBXGroup;
			children = (
				2DD53D631E8F62DF007B43B2 /* CYHomeController.h */,
				2DD53D641E8F62DF007B43B2 /* CYHomeController.m */,
			);
			path = CYHomeController;
			sourceTree = "<group>";
		};
		2DF189141E88FEBC003D9D77 /* CYDrawerView */ = {
			isa = PBXGroup;
			children = (
				2DF189151E88FECF003D9D77 /* CYDrawerView.h */,
				2DF189161E88FECF003D9D77 /* CYDrawerView.m */,
			);
			path = CYDrawerView;
			sourceTree = "<group>";
		};
		2DF80B5E1E8F34C400212E2E /* CYDetailProjectViewController */ = {
			isa = PBXGroup;
			children = (
				2DF80B5F1E8F34E200212E2E /* CYDetailProjectViewController.h */,
				2DF80B601E8F34E200212E2E /* CYDetailProjectViewController.m */,
			);
			path = CYDetailProjectViewController;
			sourceTree = "<group>";
		};
		2DF80B661E8F3C3900212E2E /* CYHelper */ = {
			isa = PBXGroup;
			children = (
				2DF80B671E8F3C4D00212E2E /* CYHelper.h */,
				2DF80B681E8F3C4D00212E2E /* CYHelper.m */,
			);
			path = CYHelper;
			sourceTree = "<group>";
		};
		2DF80B6A1E8F565A00212E2E /* CYAllPeopleView */ = {
			isa = PBXGroup;
			children = (
				2DF80B6C1E8F566F00212E2E /* CYAllPeopleView.h */,
				2DF80B6D1E8F566F00212E2E /* CYAllPeopleView.m */,
			);
			path = CYAllPeopleView;
			sourceTree = "<group>";
		};
		2DF80B6B1E8F565A00212E2E /* CYProjectView */ = {
			isa = PBXGroup;
			children = (
				2DF80B6F1E8F567C00212E2E /* CYProjectView.h */,
				2DF80B701E8F567C00212E2E /* CYProjectView.m */,
			);
			path = CYProjectView;
			sourceTree = "<group>";
		};
/* End PBXGroup section */

/* Begin PBXNativeTarget section */
		2D0E5C311E7D53D000D69F2B /* Young Eagles */ = {
			isa = PBXNativeTarget;
			buildConfigurationList = 2D0E5C5F1E7D53D100D69F2B /* Build configuration list for PBXNativeTarget "Young Eagles" */;
			buildPhases = (
				2D0E5C2E1E7D53D000D69F2B /* Sources */,
				2D0E5C2F1E7D53D000D69F2B /* Frameworks */,
				2D0E5C301E7D53D000D69F2B /* Resources */,
			);
			buildRules = (
			);
			dependencies = (
			);
			name = "Young Eagles";
			productName = "Young Eagles";
			productReference = 2D0E5C321E7D53D000D69F2B /* Young Eagles.app */;
			productType = "com.apple.product-type.application";
		};
		2D0E5C4A1E7D53D100D69F2B /* Young EaglesTests */ = {
			isa = PBXNativeTarget;
			buildConfigurationList = 2D0E5C621E7D53D100D69F2B /* Build configuration list for PBXNativeTarget "Young EaglesTests" */;
			buildPhases = (
				2D0E5C471E7D53D100D69F2B /* Sources */,
				2D0E5C481E7D53D100D69F2B /* Frameworks */,
				2D0E5C491E7D53D100D69F2B /* Resources */,
			);
			buildRules = (
			);
			dependencies = (
				2D0E5C4D1E7D53D100D69F2B /* PBXTargetDependency */,
			);
			name = "Young EaglesTests";
			productName = "Young EaglesTests";
			productReference = 2D0E5C4B1E7D53D100D69F2B /* Young EaglesTests.xctest */;
			productType = "com.apple.product-type.bundle.unit-test";
		};
		2D0E5C551E7D53D100D69F2B /* Young EaglesUITests */ = {
			isa = PBXNativeTarget;
			buildConfigurationList = 2D0E5C651E7D53D100D69F2B /* Build configuration list for PBXNativeTarget "Young EaglesUITests" */;
			buildPhases = (
				2D0E5C521E7D53D100D69F2B /* Sources */,
				2D0E5C531E7D53D100D69F2B /* Frameworks */,
				2D0E5C541E7D53D100D69F2B /* Resources */,
			);
			buildRules = (
			);
			dependencies = (
				2D0E5C581E7D53D100D69F2B /* PBXTargetDependency */,
			);
			name = "Young EaglesUITests";
			productName = "Young EaglesUITests";
			productReference = 2D0E5C561E7D53D100D69F2B /* Young EaglesUITests.xctest */;
			productType = "com.apple.product-type.bundle.ui-testing";
		};
/* End PBXNativeTarget section */

/* Begin PBXProject section */
		2D0E5C2A1E7D53D000D69F2B /* Project object */ = {
			isa = PBXProject;
			attributes = {
				LastUpgradeCheck = 0820;
				ORGANIZATIONNAME = NMID;
				TargetAttributes = {
					2D0E5C311E7D53D000D69F2B = {
						CreatedOnToolsVersion = 8.2.1;
						DevelopmentTeam = DQ9GH826P4;
						ProvisioningStyle = Automatic;
					};
					2D0E5C4A1E7D53D100D69F2B = {
						CreatedOnToolsVersion = 8.2.1;
						ProvisioningStyle = Automatic;
						TestTargetID = 2D0E5C311E7D53D000D69F2B;
					};
					2D0E5C551E7D53D100D69F2B = {
						CreatedOnToolsVersion = 8.2.1;
						ProvisioningStyle = Automatic;
						TestTargetID = 2D0E5C311E7D53D000D69F2B;
					};
				};
			};
			buildConfigurationList = 2D0E5C2D1E7D53D000D69F2B /* Build configuration list for PBXProject "Young Eagles" */;
			compatibilityVersion = "Xcode 3.2";
			developmentRegion = English;
			hasScannedForEncodings = 0;
			knownRegions = (
				en,
				Base,
			);
			mainGroup = 2D0E5C291E7D53D000D69F2B;
			productRefGroup = 2D0E5C331E7D53D000D69F2B /* Products */;
			projectDirPath = "";
			projectRoot = "";
			targets = (
				2D0E5C311E7D53D000D69F2B /* Young Eagles */,
				2D0E5C4A1E7D53D100D69F2B /* Young EaglesTests */,
				2D0E5C551E7D53D100D69F2B /* Young EaglesUITests */,
			);
		};
/* End PBXProject section */

/* Begin PBXResourcesBuildPhase section */
		2D0E5C301E7D53D000D69F2B /* Resources */ = {
			isa = PBXResourcesBuildPhase;
			buildActionMask = 2147483647;
			files = (
				2D0E5C451E7D53D000D69F2B /* LaunchScreen.storyboard in Resources */,
				2D0E5C421E7D53D000D69F2B /* Assets.xcassets in Resources */,
				2D3F0A6C1E7D793E007642DF /* Property List.plist in Resources */,
				2D0E5C401E7D53D000D69F2B /* Main.storyboard in Resources */,
			);
			runOnlyForDeploymentPostprocessing = 0;
		};
		2D0E5C491E7D53D100D69F2B /* Resources */ = {
			isa = PBXResourcesBuildPhase;
			buildActionMask = 2147483647;
			files = (
			);
			runOnlyForDeploymentPostprocessing = 0;
		};
		2D0E5C541E7D53D100D69F2B /* Resources */ = {
			isa = PBXResourcesBuildPhase;
			buildActionMask = 2147483647;
			files = (
			);
			runOnlyForDeploymentPostprocessing = 0;
		};
/* End PBXResourcesBuildPhase section */

/* Begin PBXSourcesBuildPhase section */
		2D0E5C2E1E7D53D000D69F2B /* Sources */ = {
			isa = PBXSourcesBuildPhase;
			buildActionMask = 2147483647;
			files = (
				2DD53D651E8F62DF007B43B2 /* CYHomeController.m in Sources */,
				2D43CFA21E8154AE006363BF /* CYTableViewCell.m in Sources */,
				2DF80B6E1E8F566F00212E2E /* CYAllPeopleView.m in Sources */,
				2D0E5C3D1E7D53D000D69F2B /* ViewController.m in Sources */,
				2DF80B611E8F34E200212E2E /* CYDetailProjectViewController.m in Sources */,
				2D0E5C3A1E7D53D000D69F2B /* AppDelegate.m in Sources */,
				2DF189171E88FECF003D9D77 /* CYDrawerView.m in Sources */,
				2DF80B711E8F567C00212E2E /* CYProjectView.m in Sources */,
				2DF80B691E8F3C4D00212E2E /* CYHelper.m in Sources */,
				2D0E5C371E7D53D000D69F2B /* main.m in Sources */,
			);
			runOnlyForDeploymentPostprocessing = 0;
		};
		2D0E5C471E7D53D100D69F2B /* Sources */ = {
			isa = PBXSourcesBuildPhase;
			buildActionMask = 2147483647;
			files = (
				2D0E5C501E7D53D100D69F2B /* Young_EaglesTests.m in Sources */,
			);
			runOnlyForDeploymentPostprocessing = 0;
		};
		2D0E5C521E7D53D100D69F2B /* Sources */ = {
			isa = PBXSourcesBuildPhase;
			buildActionMask = 2147483647;
			files = (
				2D0E5C5B1E7D53D100D69F2B /* Young_EaglesUITests.m in Sources */,
			);
			runOnlyForDeploymentPostprocessing = 0;
		};
/* End PBXSourcesBuildPhase section */

/* Begin PBXTargetDependency section */
		2D0E5C4D1E7D53D100D69F2B /* PBXTargetDependency */ = {
			isa = PBXTargetDependency;
			target = 2D0E5C311E7D53D000D69F2B /* Young Eagles */;
			targetProxy = 2D0E5C4C1E7D53D100D69F2B /* PBXContainerItemProxy */;
		};
		2D0E5C581E7D53D100D69F2B /* PBXTargetDependency */ = {
			isa = PBXTargetDependency;
			target = 2D0E5C311E7D53D000D69F2B /* Young Eagles */;
			targetProxy = 2D0E5C571E7D53D100D69F2B /* PBXContainerItemProxy */;
		};
/* End PBXTargetDependency section */

/* Begin PBXVariantGroup section */
		2D0E5C3E1E7D53D000D69F2B /* Main.storyboard */ = {
			isa = PBXVariantGroup;
			children = (
				2D0E5C3F1E7D53D000D69F2B /* Base */,
			);
			name = Main.storyboard;
			sourceTree = "<group>";
		};
		2D0E5C431E7D53D000D69F2B /* LaunchScreen.storyboard */ = {
			isa = PBXVariantGroup;
			children = (
				2D0E5C441E7D53D000D69F2B /* Base */,
			);
			name = LaunchScreen.storyboard;
			sourceTree = "<group>";
		};
/* End PBXVariantGroup section */

/* Begin XCBuildConfiguration section */
		2D0E5C5D1E7D53D100D69F2B /* Debug */ = {
			isa = XCBuildConfiguration;
			buildSettings = {
				ALWAYS_SEARCH_USER_PATHS = NO;
				CLANG_ANALYZER_NONNULL = YES;
				CLANG_CXX_LANGUAGE_STANDARD = "gnu++0x";
				CLANG_CXX_LIBRARY = "libc++";
				CLANG_ENABLE_MODULES = YES;
				CLANG_ENABLE_OBJC_ARC = YES;
				CLANG_WARN_BOOL_CONVERSION = YES;
				CLANG_WARN_CONSTANT_CONVERSION = YES;
				CLANG_WARN_DIRECT_OBJC_ISA_USAGE = YES_ERROR;
				CLANG_WARN_DOCUMENTATION_COMMENTS = YES;
				CLANG_WARN_EMPTY_BODY = YES;
				CLANG_WARN_ENUM_CONVERSION = YES;
				CLANG_WARN_INFINITE_RECURSION = YES;
				CLANG_WARN_INT_CONVERSION = YES;
				CLANG_WARN_OBJC_ROOT_CLASS = YES_ERROR;
				CLANG_WARN_SUSPICIOUS_MOVE = YES;
				CLANG_WARN_UNREACHABLE_CODE = YES;
				CLANG_WARN__DUPLICATE_METHOD_MATCH = YES;
				"CODE_SIGN_IDENTITY[sdk=iphoneos*]" = "iPhone Developer";
				COPY_PHASE_STRIP = NO;
				DEBUG_INFORMATION_FORMAT = dwarf;
				ENABLE_STRICT_OBJC_MSGSEND = YES;
				ENABLE_TESTABILITY = YES;
				GCC_C_LANGUAGE_STANDARD = gnu99;
				GCC_DYNAMIC_NO_PIC = NO;
				GCC_NO_COMMON_BLOCKS = YES;
				GCC_OPTIMIZATION_LEVEL = 0;
				GCC_PREPROCESSOR_DEFINITIONS = (
					"DEBUG=1",
					"$(inherited)",
				);
				GCC_WARN_64_TO_32_BIT_CONVERSION = YES;
				GCC_WARN_ABOUT_RETURN_TYPE = YES_ERROR;
				GCC_WARN_UNDECLARED_SELECTOR = YES;
				GCC_WARN_UNINITIALIZED_AUTOS = YES_AGGRESSIVE;
				GCC_WARN_UNUSED_FUNCTION = YES;
				GCC_WARN_UNUSED_VARIABLE = YES;
				IPHONEOS_DEPLOYMENT_TARGET = 10.2;
				MTL_ENABLE_DEBUG_INFO = YES;
				ONLY_ACTIVE_ARCH = YES;
				SDKROOT = iphoneos;
				TARGETED_DEVICE_FAMILY = "1,2";
			};
			name = Debug;
		};
		2D0E5C5E1E7D53D100D69F2B /* Release */ = {
			isa = XCBuildConfiguration;
			buildSettings = {
				ALWAYS_SEARCH_USER_PATHS = NO;
				CLANG_ANALYZER_NONNULL = YES;
				CLANG_CXX_LANGUAGE_STANDARD = "gnu++0x";
				CLANG_CXX_LIBRARY = "libc++";
				CLANG_ENABLE_MODULES = YES;
				CLANG_ENABLE_OBJC_ARC = YES;
				CLANG_WARN_BOOL_CONVERSION = YES;
				CLANG_WARN_CONSTANT_CONVERSION = YES;
				CLANG_WARN_DIRECT_OBJC_ISA_USAGE = YES_ERROR;
				CLANG_WARN_DOCUMENTATION_COMMENTS = YES;
				CLANG_WARN_EMPTY_BODY = YES;
				CLANG_WARN_ENUM_CONVERSION = YES;
				CLANG_WARN_INFINITE_RECURSION = YES;
				CLANG_WARN_INT_CONVERSION = YES;
				CLANG_WARN_OBJC_ROOT_CLASS = YES_ERROR;
				CLANG_WARN_SUSPICIOUS_MOVE = YES;
				CLANG_WARN_UNREACHABLE_CODE = YES;
				CLANG_WARN__DUPLICATE_METHOD_MATCH = YES;
				"CODE_SIGN_IDENTITY[sdk=iphoneos*]" = "iPhone Developer";
				COPY_PHASE_STRIP = NO;
				DEBUG_INFORMATION_FORMAT = "dwarf-with-dsym";
				ENABLE_NS_ASSERTIONS = NO;
				ENABLE_STRICT_OBJC_MSGSEND = YES;
				GCC_C_LANGUAGE_STANDARD = gnu99;
				GCC_NO_COMMON_BLOCKS = YES;
				GCC_WARN_64_TO_32_BIT_CONVERSION = YES;
				GCC_WARN_ABOUT_RETURN_TYPE = YES_ERROR;
				GCC_WARN_UNDECLARED_SELECTOR = YES;
				GCC_WARN_UNINITIALIZED_AUTOS = YES_AGGRESSIVE;
				GCC_WARN_UNUSED_FUNCTION = YES;
				GCC_WARN_UNUSED_VARIABLE = YES;
				IPHONEOS_DEPLOYMENT_TARGET = 10.2;
				MTL_ENABLE_DEBUG_INFO = NO;
				SDKROOT = iphoneos;
				TARGETED_DEVICE_FAMILY = "1,2";
				VALIDATE_PRODUCT = YES;
			};
			name = Release;
		};
		2D0E5C601E7D53D100D69F2B /* Debug */ = {
			isa = XCBuildConfiguration;
			buildSettings = {
				ASSETCATALOG_COMPILER_APPICON_NAME = AppIcon;
				DEVELOPMENT_TEAM = DQ9GH826P4;
				INFOPLIST_FILE = "Young Eagles/Info.plist";
				LD_RUNPATH_SEARCH_PATHS = "$(inherited) @executable_path/Frameworks";
				PRODUCT_BUNDLE_IDENTIFIER = "NMID.Young-Eagles";
				PRODUCT_NAME = "$(TARGET_NAME)";
			};
			name = Debug;
		};
		2D0E5C611E7D53D100D69F2B /* Release */ = {
			isa = XCBuildConfiguration;
			buildSettings = {
				ASSETCATALOG_COMPILER_APPICON_NAME = AppIcon;
				DEVELOPMENT_TEAM = DQ9GH826P4;
				INFOPLIST_FILE = "Young Eagles/Info.plist";
				LD_RUNPATH_SEARCH_PATHS = "$(inherited) @executable_path/Frameworks";
				PRODUCT_BUNDLE_IDENTIFIER = "NMID.Young-Eagles";
				PRODUCT_NAME = "$(TARGET_NAME)";
			};
			name = Release;
		};
		2D0E5C631E7D53D100D69F2B /* Debug */ = {
			isa = XCBuildConfiguration;
			buildSettings = {
				BUNDLE_LOADER = "$(TEST_HOST)";
				INFOPLIST_FILE = "Young EaglesTests/Info.plist";
				LD_RUNPATH_SEARCH_PATHS = "$(inherited) @executable_path/Frameworks @loader_path/Frameworks";
				PRODUCT_BUNDLE_IDENTIFIER = "NMID.Young-EaglesTests";
				PRODUCT_NAME = "$(TARGET_NAME)";
				TEST_HOST = "$(BUILT_PRODUCTS_DIR)/Young Eagles.app/Young Eagles";
			};
			name = Debug;
		};
		2D0E5C641E7D53D100D69F2B /* Release */ = {
			isa = XCBuildConfiguration;
			buildSettings = {
				BUNDLE_LOADER = "$(TEST_HOST)";
				INFOPLIST_FILE = "Young EaglesTests/Info.plist";
				LD_RUNPATH_SEARCH_PATHS = "$(inherited) @executable_path/Frameworks @loader_path/Frameworks";
				PRODUCT_BUNDLE_IDENTIFIER = "NMID.Young-EaglesTests";
				PRODUCT_NAME = "$(TARGET_NAME)";
				TEST_HOST = "$(BUILT_PRODUCTS_DIR)/Young Eagles.app/Young Eagles";
			};
			name = Release;
		};
		2D0E5C661E7D53D100D69F2B /* Debug */ = {
			isa = XCBuildConfiguration;
			buildSettings = {
				INFOPLIST_FILE = "Young EaglesUITests/Info.plist";
				LD_RUNPATH_SEARCH_PATHS = "$(inherited) @executable_path/Frameworks @loader_path/Frameworks";
				PRODUCT_BUNDLE_IDENTIFIER = "NMID.Young-EaglesUITests";
				PRODUCT_NAME = "$(TARGET_NAME)";
				TEST_TARGET_NAME = "Young Eagles";
			};
			name = Debug;
		};
		2D0E5C671E7D53D100D69F2B /* Release */ = {
			isa = XCBuildConfiguration;
			buildSettings = {
				INFOPLIST_FILE = "Young EaglesUITests/Info.plist";
				LD_RUNPATH_SEARCH_PATHS = "$(inherited) @executable_path/Frameworks @loader_path/Frameworks";
				PRODUCT_BUNDLE_IDENTIFIER = "NMID.Young-EaglesUITests";
				PRODUCT_NAME = "$(TARGET_NAME)";
				TEST_TARGET_NAME = "Young Eagles";
			};
			name = Release;
		};
/* End XCBuildConfiguration section */

/* Begin XCConfigurationList section */
		2D0E5C2D1E7D53D000D69F2B /* Build configuration list for PBXProject "Young Eagles" */ = {
			isa = XCConfigurationList;
			buildConfigurations = (
				2D0E5C5D1E7D53D100D69F2B /* Debug */,
				2D0E5C5E1E7D53D100D69F2B /* Release */,
			);
			defaultConfigurationIsVisible = 0;
			defaultConfigurationName = Release;
		};
		2D0E5C5F1E7D53D100D69F2B /* Build configuration list for PBXNativeTarget "Young Eagles" */ = {
			isa = XCConfigurationList;
			buildConfigurations = (
				2D0E5C601E7D53D100D69F2B /* Debug */,
				2D0E5C611E7D53D100D69F2B /* Release */,
			);
			defaultConfigurationIsVisible = 0;
			defaultConfigurationName = Release;
		};
		2D0E5C621E7D53D100D69F2B /* Build configuration list for PBXNativeTarget "Young EaglesTests" */ = {
			isa = XCConfigurationList;
			buildConfigurations = (
				2D0E5C631E7D53D100D69F2B /* Debug */,
				2D0E5C641E7D53D100D69F2B /* Release */,
			);
			defaultConfigurationIsVisible = 0;
			defaultConfigurationName = Release;
		};
		2D0E5C651E7D53D100D69F2B /* Build configuration list for PBXNativeTarget "Young EaglesUITests" */ = {
			isa = XCConfigurationList;
			buildConfigurations = (
				2D0E5C661E7D53D100D69F2B /* Debug */,
				2D0E5C671E7D53D100D69F2B /* Release */,
			);
			defaultConfigurationIsVisible = 0;
			defaultConfigurationName = Release;
		};
/* End XCConfigurationList section */
	};
	rootObject = 2D0E5C2A1E7D53D000D69F2B /* Project object */;
}
